
Microsoft Visual Studio Solution File, Format Version 12.00
Project("{FAE04EC0-301F-11D3-BF4B-00C04F79EFBC}") = "WebApp", "WebApp\WebApp.csproj", "{516EAF77-6681-4110-9232-5EEF24C1F45C}"
EndProject
Project("{FAE04EC0-301F-11D3-BF4B-00C04F79EFBC}") = "App.Domain", "App.Domain\App.Domain.csproj", "{86D63190-56DC-4473-90E3-00361EA53AD9}"
EndProject
Project("{FAE04EC0-301F-11D3-BF4B-00C04F79EFBC}") = "App.DAL.EF", "App.DAL.EF\App.DAL.EF.csproj", "{443BA34A-7F1E-4637-B747-93DF030C69E0}"
EndProject
Project("{FAE04EC0-301F-11D3-BF4B-00C04F79EFBC}") = "Base.Domain", "Base.Domain\Base.Domain.csproj", "{49D17A5F-8B2A-4AB9-BFA9-83DD993C9083}"
EndProject
Project("{2150E333-8FDC-42A3-9474-1A3956D46DE8}") = "SolutionItems", "SolutionItems", "{F0C932B5-CC6E-4D03-8DA9-AA66999D60C1}"
	ProjectSection(SolutionItems) = preProject
		..\.gitignore = ..\.gitignore
		Directory.Build.props = Directory.Build.props
		..\README.md = ..\README.md
		docker-compose.yml = docker-compose.yml
		Dockerfile = Dockerfile
		.dockerignore = .dockerignore
		appsettings_to_env.sh = appsettings_to_env.sh
		.env = .env
		example.env = example.env
		README.md = README.md
	EndProjectSection
EndProject
Project("{2150E333-8FDC-42A3-9474-1A3956D46DE8}") = "APP", "APP", "{A1E8F747-4664-4DCE-B777-B3C4C8A1E95D}"
EndProject
Project("{2150E333-8FDC-42A3-9474-1A3956D46DE8}") = "BASE", "BASE", "{388A6624-FA13-4FC9-B405-BFAB5D705D64}"
EndProject
Project("{FAE04EC0-301F-11D3-BF4B-00C04F79EFBC}") = "Base.DAL.EF", "Base.DAL.EF\Base.DAL.EF.csproj", "{584FE265-6AD4-4A8D-B113-B9B62F10C799}"
EndProject
Project("{FAE04EC0-301F-11D3-BF4B-00C04F79EFBC}") = "App.Contracts.DAL", "App.Contracts.DAL\App.Contracts.DAL.csproj", "{57B53EA7-4CA3-40E4-A759-2F592DAF6661}"
EndProject
Project("{2150E333-8FDC-42A3-9474-1A3956D46DE8}") = "Contracts", "Contracts", "{4A710E73-D24D-49C0-B9CD-DA868D043391}"
EndProject
Project("{FAE04EC0-301F-11D3-BF4B-00C04F79EFBC}") = "Contracts.DAL", "Contracts.DAL\Contracts.DAL.csproj", "{2ECD1300-D6E1-4810-B998-8137F5B0688C}"
EndProject
Project("{FAE04EC0-301F-11D3-BF4B-00C04F79EFBC}") = "Base.WebHelpers", "Base.WebHelpers\Base.WebHelpers.csproj", "{F9F8E489-9E5C-4F95-9E61-04A0684517F9}"
EndProject
Project("{FAE04EC0-301F-11D3-BF4B-00C04F79EFBC}") = "Public.DTO", "Public.DTO\Public.DTO.csproj", "{ED2E4A96-EE0B-43D0-A460-3F6851BB6E25}"
EndProject
Project("{FAE04EC0-301F-11D3-BF4B-00C04F79EFBC}") = "Base.DAL", "Base.DAL\Base.DAL.csproj", "{E08F92FE-A190-4283-B0B9-0A00A8598A06}"
EndProject
Project("{FAE04EC0-301F-11D3-BF4B-00C04F79EFBC}") = "App.BLL", "App.BLL\App.BLL.csproj", "{16B06782-1EC3-4F37-AF7B-3458EDFEF971}"
EndProject
Project("{FAE04EC0-301F-11D3-BF4B-00C04F79EFBC}") = "App.BLL.DTO", "App.BLL.DTO\App.BLL.DTO.csproj", "{759E145C-8C77-47F6-8ED4-8EE56E9AA886}"
EndProject
Project("{FAE04EC0-301F-11D3-BF4B-00C04F79EFBC}") = "App.BLL.YouTube", "App.BLL.YouTube\App.BLL.YouTube.csproj", "{EB84F1CB-E1A1-4045-9423-14F59570A7D9}"
EndProject
Project("{FAE04EC0-301F-11D3-BF4B-00C04F79EFBC}") = "App.Contracts.BLL", "App.Contracts.BLL\App.Contracts.BLL.csproj", "{410EA437-CA6C-4AA3-A31B-BBB7CABB2EEC}"
EndProject
Project("{FAE04EC0-301F-11D3-BF4B-00C04F79EFBC}") = "Utils", "Utils\Utils.csproj", "{B026E7F0-298A-4481-9EFB-FE1F5C1E66F8}"
EndProject
Project("{FAE04EC0-301F-11D3-BF4B-00C04F79EFBC}") = "App.BLL.Identity", "App.BLL.Identity\App.BLL.Identity.csproj", "{07002AA6-D338-4CD4-BB93-5656EFA7885C}"
EndProject
Project("{FAE04EC0-301F-11D3-BF4B-00C04F79EFBC}") = "Contracts.BLL", "Contracts.BLL\Contracts.BLL.csproj", "{47E25958-F73B-4681-8876-095F0908A271}"
EndProject
Project("{FAE04EC0-301F-11D3-BF4B-00C04F79EFBC}") = "Base.BLL", "Base.BLL\Base.BLL.csproj", "{D1F2B7C6-45DE-4EE8-B375-024FA951BC91}"
EndProject
Project("{FAE04EC0-301F-11D3-BF4B-00C04F79EFBC}") = "App.DAL.DTO", "App.DAL.DTO\App.DAL.DTO.csproj", "{FA667B04-05AE-4639-9D8D-4587260340E4}"
EndProject
Global
	GlobalSection(SolutionConfigurationPlatforms) = preSolution
		Debug|Any CPU = Debug|Any CPU
		Release|Any CPU = Release|Any CPU
	EndGlobalSection
	GlobalSection(ProjectConfigurationPlatforms) = postSolution
		{516EAF77-6681-4110-9232-5EEF24C1F45C}.Debug|Any CPU.ActiveCfg = Debug|Any CPU
		{516EAF77-6681-4110-9232-5EEF24C1F45C}.Debug|Any CPU.Build.0 = Debug|Any CPU
		{516EAF77-6681-4110-9232-5EEF24C1F45C}.Release|Any CPU.ActiveCfg = Release|Any CPU
		{516EAF77-6681-4110-9232-5EEF24C1F45C}.Release|Any CPU.Build.0 = Release|Any CPU
		{86D63190-56DC-4473-90E3-00361EA53AD9}.Debug|Any CPU.ActiveCfg = Debug|Any CPU
		{86D63190-56DC-4473-90E3-00361EA53AD9}.Debug|Any CPU.Build.0 = Debug|Any CPU
		{86D63190-56DC-4473-90E3-00361EA53AD9}.Release|Any CPU.ActiveCfg = Release|Any CPU
		{86D63190-56DC-4473-90E3-00361EA53AD9}.Release|Any CPU.Build.0 = Release|Any CPU
		{443BA34A-7F1E-4637-B747-93DF030C69E0}.Debug|Any CPU.ActiveCfg = Debug|Any CPU
		{443BA34A-7F1E-4637-B747-93DF030C69E0}.Debug|Any CPU.Build.0 = Debug|Any CPU
		{443BA34A-7F1E-4637-B747-93DF030C69E0}.Release|Any CPU.ActiveCfg = Release|Any CPU
		{443BA34A-7F1E-4637-B747-93DF030C69E0}.Release|Any CPU.Build.0 = Release|Any CPU
		{49D17A5F-8B2A-4AB9-BFA9-83DD993C9083}.Debug|Any CPU.ActiveCfg = Debug|Any CPU
		{49D17A5F-8B2A-4AB9-BFA9-83DD993C9083}.Debug|Any CPU.Build.0 = Debug|Any CPU
		{49D17A5F-8B2A-4AB9-BFA9-83DD993C9083}.Release|Any CPU.ActiveCfg = Release|Any CPU
		{49D17A5F-8B2A-4AB9-BFA9-83DD993C9083}.Release|Any CPU.Build.0 = Release|Any CPU
		{584FE265-6AD4-4A8D-B113-B9B62F10C799}.Debug|Any CPU.ActiveCfg = Debug|Any CPU
		{584FE265-6AD4-4A8D-B113-B9B62F10C799}.Debug|Any CPU.Build.0 = Debug|Any CPU
		{584FE265-6AD4-4A8D-B113-B9B62F10C799}.Release|Any CPU.ActiveCfg = Release|Any CPU
		{584FE265-6AD4-4A8D-B113-B9B62F10C799}.Release|Any CPU.Build.0 = Release|Any CPU
		{57B53EA7-4CA3-40E4-A759-2F592DAF6661}.Debug|Any CPU.ActiveCfg = Debug|Any CPU
		{57B53EA7-4CA3-40E4-A759-2F592DAF6661}.Debug|Any CPU.Build.0 = Debug|Any CPU
		{57B53EA7-4CA3-40E4-A759-2F592DAF6661}.Release|Any CPU.ActiveCfg = Release|Any CPU
		{57B53EA7-4CA3-40E4-A759-2F592DAF6661}.Release|Any CPU.Build.0 = Release|Any CPU
		{2ECD1300-D6E1-4810-B998-8137F5B0688C}.Debug|Any CPU.ActiveCfg = Debug|Any CPU
		{2ECD1300-D6E1-4810-B998-8137F5B0688C}.Debug|Any CPU.Build.0 = Debug|Any CPU
		{2ECD1300-D6E1-4810-B998-8137F5B0688C}.Release|Any CPU.ActiveCfg = Release|Any CPU
		{2ECD1300-D6E1-4810-B998-8137F5B0688C}.Release|Any CPU.Build.0 = Release|Any CPU
		{F9F8E489-9E5C-4F95-9E61-04A0684517F9}.Debug|Any CPU.ActiveCfg = Debug|Any CPU
		{F9F8E489-9E5C-4F95-9E61-04A0684517F9}.Debug|Any CPU.Build.0 = Debug|Any CPU
		{F9F8E489-9E5C-4F95-9E61-04A0684517F9}.Release|Any CPU.ActiveCfg = Release|Any CPU
		{F9F8E489-9E5C-4F95-9E61-04A0684517F9}.Release|Any CPU.Build.0 = Release|Any CPU
		{ED2E4A96-EE0B-43D0-A460-3F6851BB6E25}.Debug|Any CPU.ActiveCfg = Debug|Any CPU
		{ED2E4A96-EE0B-43D0-A460-3F6851BB6E25}.Debug|Any CPU.Build.0 = Debug|Any CPU
		{ED2E4A96-EE0B-43D0-A460-3F6851BB6E25}.Release|Any CPU.ActiveCfg = Release|Any CPU
		{ED2E4A96-EE0B-43D0-A460-3F6851BB6E25}.Release|Any CPU.Build.0 = Release|Any CPU
		{E08F92FE-A190-4283-B0B9-0A00A8598A06}.Debug|Any CPU.ActiveCfg = Debug|Any CPU
		{E08F92FE-A190-4283-B0B9-0A00A8598A06}.Debug|Any CPU.Build.0 = Debug|Any CPU
		{E08F92FE-A190-4283-B0B9-0A00A8598A06}.Release|Any CPU.ActiveCfg = Release|Any CPU
		{E08F92FE-A190-4283-B0B9-0A00A8598A06}.Release|Any CPU.Build.0 = Release|Any CPU
		{16B06782-1EC3-4F37-AF7B-3458EDFEF971}.Debug|Any CPU.ActiveCfg = Debug|Any CPU
		{16B06782-1EC3-4F37-AF7B-3458EDFEF971}.Debug|Any CPU.Build.0 = Debug|Any CPU
		{16B06782-1EC3-4F37-AF7B-3458EDFEF971}.Release|Any CPU.ActiveCfg = Release|Any CPU
		{16B06782-1EC3-4F37-AF7B-3458EDFEF971}.Release|Any CPU.Build.0 = Release|Any CPU
		{759E145C-8C77-47F6-8ED4-8EE56E9AA886}.Debug|Any CPU.ActiveCfg = Debug|Any CPU
		{759E145C-8C77-47F6-8ED4-8EE56E9AA886}.Debug|Any CPU.Build.0 = Debug|Any CPU
		{759E145C-8C77-47F6-8ED4-8EE56E9AA886}.Release|Any CPU.ActiveCfg = Release|Any CPU
		{759E145C-8C77-47F6-8ED4-8EE56E9AA886}.Release|Any CPU.Build.0 = Release|Any CPU
		{EB84F1CB-E1A1-4045-9423-14F59570A7D9}.Debug|Any CPU.ActiveCfg = Debug|Any CPU
		{EB84F1CB-E1A1-4045-9423-14F59570A7D9}.Debug|Any CPU.Build.0 = Debug|Any CPU
		{EB84F1CB-E1A1-4045-9423-14F59570A7D9}.Release|Any CPU.ActiveCfg = Release|Any CPU
		{EB84F1CB-E1A1-4045-9423-14F59570A7D9}.Release|Any CPU.Build.0 = Release|Any CPU
		{410EA437-CA6C-4AA3-A31B-BBB7CABB2EEC}.Debug|Any CPU.ActiveCfg = Debug|Any CPU
		{410EA437-CA6C-4AA3-A31B-BBB7CABB2EEC}.Debug|Any CPU.Build.0 = Debug|Any CPU
		{410EA437-CA6C-4AA3-A31B-BBB7CABB2EEC}.Release|Any CPU.ActiveCfg = Release|Any CPU
		{410EA437-CA6C-4AA3-A31B-BBB7CABB2EEC}.Release|Any CPU.Build.0 = Release|Any CPU
		{B026E7F0-298A-4481-9EFB-FE1F5C1E66F8}.Debug|Any CPU.ActiveCfg = Debug|Any CPU
		{B026E7F0-298A-4481-9EFB-FE1F5C1E66F8}.Debug|Any CPU.Build.0 = Debug|Any CPU
		{B026E7F0-298A-4481-9EFB-FE1F5C1E66F8}.Release|Any CPU.ActiveCfg = Release|Any CPU
		{B026E7F0-298A-4481-9EFB-FE1F5C1E66F8}.Release|Any CPU.Build.0 = Release|Any CPU
		{07002AA6-D338-4CD4-BB93-5656EFA7885C}.Debug|Any CPU.ActiveCfg = Debug|Any CPU
		{07002AA6-D338-4CD4-BB93-5656EFA7885C}.Debug|Any CPU.Build.0 = Debug|Any CPU
		{07002AA6-D338-4CD4-BB93-5656EFA7885C}.Release|Any CPU.ActiveCfg = Release|Any CPU
		{07002AA6-D338-4CD4-BB93-5656EFA7885C}.Release|Any CPU.Build.0 = Release|Any CPU
		{47E25958-F73B-4681-8876-095F0908A271}.Debug|Any CPU.ActiveCfg = Debug|Any CPU
		{47E25958-F73B-4681-8876-095F0908A271}.Debug|Any CPU.Build.0 = Debug|Any CPU
		{47E25958-F73B-4681-8876-095F0908A271}.Release|Any CPU.ActiveCfg = Release|Any CPU
		{47E25958-F73B-4681-8876-095F0908A271}.Release|Any CPU.Build.0 = Release|Any CPU
		{D1F2B7C6-45DE-4EE8-B375-024FA951BC91}.Debug|Any CPU.ActiveCfg = Debug|Any CPU
		{D1F2B7C6-45DE-4EE8-B375-024FA951BC91}.Debug|Any CPU.Build.0 = Debug|Any CPU
		{D1F2B7C6-45DE-4EE8-B375-024FA951BC91}.Release|Any CPU.ActiveCfg = Release|Any CPU
		{D1F2B7C6-45DE-4EE8-B375-024FA951BC91}.Release|Any CPU.Build.0 = Release|Any CPU
		{FA667B04-05AE-4639-9D8D-4587260340E4}.Debug|Any CPU.ActiveCfg = Debug|Any CPU
		{FA667B04-05AE-4639-9D8D-4587260340E4}.Debug|Any CPU.Build.0 = Debug|Any CPU
		{FA667B04-05AE-4639-9D8D-4587260340E4}.Release|Any CPU.ActiveCfg = Release|Any CPU
		{FA667B04-05AE-4639-9D8D-4587260340E4}.Release|Any CPU.Build.0 = Release|Any CPU
	EndGlobalSection
	GlobalSection(NestedProjects) = preSolution
		{516EAF77-6681-4110-9232-5EEF24C1F45C} = {A1E8F747-4664-4DCE-B777-B3C4C8A1E95D}
		{49D17A5F-8B2A-4AB9-BFA9-83DD993C9083} = {388A6624-FA13-4FC9-B405-BFAB5D705D64}
		{86D63190-56DC-4473-90E3-00361EA53AD9} = {A1E8F747-4664-4DCE-B777-B3C4C8A1E95D}
		{443BA34A-7F1E-4637-B747-93DF030C69E0} = {A1E8F747-4664-4DCE-B777-B3C4C8A1E95D}
		{584FE265-6AD4-4A8D-B113-B9B62F10C799} = {388A6624-FA13-4FC9-B405-BFAB5D705D64}
		{57B53EA7-4CA3-40E4-A759-2F592DAF6661} = {A1E8F747-4664-4DCE-B777-B3C4C8A1E95D}
		{4A710E73-D24D-49C0-B9CD-DA868D043391} = {388A6624-FA13-4FC9-B405-BFAB5D705D64}
		{2ECD1300-D6E1-4810-B998-8137F5B0688C} = {4A710E73-D24D-49C0-B9CD-DA868D043391}
		{F9F8E489-9E5C-4F95-9E61-04A0684517F9} = {388A6624-FA13-4FC9-B405-BFAB5D705D64}
		{ED2E4A96-EE0B-43D0-A460-3F6851BB6E25} = {A1E8F747-4664-4DCE-B777-B3C4C8A1E95D}
		{E08F92FE-A190-4283-B0B9-0A00A8598A06} = {388A6624-FA13-4FC9-B405-BFAB5D705D64}
		{16B06782-1EC3-4F37-AF7B-3458EDFEF971} = {A1E8F747-4664-4DCE-B777-B3C4C8A1E95D}
		{759E145C-8C77-47F6-8ED4-8EE56E9AA886} = {A1E8F747-4664-4DCE-B777-B3C4C8A1E95D}
		{EB84F1CB-E1A1-4045-9423-14F59570A7D9} = {A1E8F747-4664-4DCE-B777-B3C4C8A1E95D}
		{410EA437-CA6C-4AA3-A31B-BBB7CABB2EEC} = {A1E8F747-4664-4DCE-B777-B3C4C8A1E95D}
		{B026E7F0-298A-4481-9EFB-FE1F5C1E66F8} = {A1E8F747-4664-4DCE-B777-B3C4C8A1E95D}
		{07002AA6-D338-4CD4-BB93-5656EFA7885C} = {A1E8F747-4664-4DCE-B777-B3C4C8A1E95D}
		{47E25958-F73B-4681-8876-095F0908A271} = {4A710E73-D24D-49C0-B9CD-DA868D043391}
		{D1F2B7C6-45DE-4EE8-B375-024FA951BC91} = {388A6624-FA13-4FC9-B405-BFAB5D705D64}
		{FA667B04-05AE-4639-9D8D-4587260340E4} = {A1E8F747-4664-4DCE-B777-B3C4C8A1E95D}
	EndGlobalSection
EndGlobal
